
Microsoft Visual Studio Solution File, Format Version 12.00
Project("{FAE04EC0-301F-11D3-BF4B-00C04F79EFBC}") = "CodeChallenges.CrackingTheCodingInterview", "src\CodeChallenges.CrackingTheCodingInterview\CodeChallenges.CrackingTheCodingInterview.csproj", "{99147A78-98D7-4C90-9E3A-76B5A755DB1C}"
EndProject
Project("{2150E333-8FDC-42A3-9474-1A3956D46DE8}") = ".solution", ".solution", "{B48D6CF7-8DBD-479F-8891-08535A166880}"
	ProjectSection(SolutionItems) = preProject
		README.md = README.md
	EndProjectSection
EndProject
Project("{FAE04EC0-301F-11D3-BF4B-00C04F79EFBC}") = "CodeChallenges.HackerRank", "src\CodeChallenges.HackerRank\CodeChallenges.HackerRank.csproj", "{ABE9E729-A440-46C7-BE59-F389A6557FFD}"
EndProject
Global
	GlobalSection(SolutionConfigurationPlatforms) = preSolution
		Debug|Any CPU = Debug|Any CPU
		Release|Any CPU = Release|Any CPU
	EndGlobalSection
	GlobalSection(ProjectConfigurationPlatforms) = postSolution
		{99147A78-98D7-4C90-9E3A-76B5A755DB1C}.Debug|Any CPU.ActiveCfg = Debug|Any CPU
		{99147A78-98D7-4C90-9E3A-76B5A755DB1C}.Debug|Any CPU.Build.0 = Debug|Any CPU
		{99147A78-98D7-4C90-9E3A-76B5A755DB1C}.Release|Any CPU.ActiveCfg = Release|Any CPU
		{99147A78-98D7-4C90-9E3A-76B5A755DB1C}.Release|Any CPU.Build.0 = Release|Any CPU
		{ABE9E729-A440-46C7-BE59-F389A6557FFD}.Debug|Any CPU.ActiveCfg = Debug|Any CPU
		{ABE9E729-A440-46C7-BE59-F389A6557FFD}.Debug|Any CPU.Build.0 = Debug|Any CPU
		{ABE9E729-A440-46C7-BE59-F389A6557FFD}.Release|Any CPU.ActiveCfg = Release|Any CPU
		{ABE9E729-A440-46C7-BE59-F389A6557FFD}.Release|Any CPU.Build.0 = Release|Any CPU
	EndGlobalSection
EndGlobal
